
Microsoft Visual Studio Solution File, Format Version 12.00
# Visual Studio Version 17
VisualStudioVersion = 17.7.34221.43
MinimumVisualStudioVersion = 10.0.40219.1
Project("{FAE04EC0-301F-11D3-BF4B-00C04F79EFBC}") = "AuctionApp", "AuctionApp\AuctionApp.csproj", "{8836A7B4-14B6-4AE0-850A-F57386EF6CC3}"
EndProject
Global
	GlobalSection(SolutionConfigurationPlatforms) = preSolution
		Debug|Any CPU = Debug|Any CPU
		Release|Any CPU = Release|Any CPU
	EndGlobalSection
	GlobalSection(ProjectConfigurationPlatforms) = postSolution
		{8836A7B4-14B6-4AE0-850A-F57386EF6CC3}.Debug|Any CPU.ActiveCfg = Debug|Any CPU
		{8836A7B4-14B6-4AE0-850A-F57386EF6CC3}.Debug|Any CPU.Build.0 = Debug|Any CPU
		{8836A7B4-14B6-4AE0-850A-F57386EF6CC3}.Release|Any CPU.ActiveCfg = Release|Any CPU
		{8836A7B4-14B6-4AE0-850A-F57386EF6CC3}.Release|Any CPU.Build.0 = Release|Any CPU
	EndGlobalSection
	GlobalSection(SolutionProperties) = preSolution
		HideSolutionNode = FALSE
	EndGlobalSection
	GlobalSection(ExtensibilityGlobals) = postSolution
		SolutionGuid = {2C77059D-5409-49F8-8F11-281ED1B14050}
	EndGlobalSection
EndGlobal
